{
  "lockfileVersion": 2,
  "configVersion": 1,
  "workspaces": {
    "": {
      "name": "auto-brightness",
      "dependencies": {
        "suncalc": "^1.9.0",
      },
    },
  },
  "packages": {
    "suncalc": ["suncalc@1.9.0", "", {}, "sha512-vMJ8Byp1uIPoj+wb9c1AdK4jpkSKVAywgHX0lqY7zt6+EWRRC3Z+0Ucfjy/0yxTVO1hwwchZe4uoFNqrIC24+A=="],
  }
}
